{
  "projects": [
    {
      "projectId": "jkU633o1Cz7HrJdwdxhVHk",
      "version": "16.10.0",
      "dependencies": {},
      "lang": "ts",
      "fileLocks": [
        {
          "assetId": "jkU633o1Cz7HrJdwdxhVHk",
          "type": "projectCss",
          "checksum": "0581d4378bb1604bb5fe3f65bb0a37de"
        }
      ],
      "codegenVersion": "0.0.1"
    },
    {
      "projectId": "ohDidvG9XsCeFumugENU3J",
      "version": "6.24.0",
      "dependencies": {},
      "lang": "ts",
      "fileLocks": [
        {
          "assetId": "ohDidvG9XsCeFumugENU3J",
          "type": "projectCss",
          "checksum": "fd83b730367fdbde2c69bc6cf31c2a3c"
        },
        {
          "assetId": "ohDidvG9XsCeFumugENU3J",
          "checksum": "de0a0e65174a6a185a8f822af51c6bdd",
          "type": "globalContexts"
        }
      ],
      "codegenVersion": "0.0.1"
    },
    {
      "projectId": "58GpZjZCWTaJ8AUhpCwt2K",
      "version": "3.25.0",
      "dependencies": {},
      "lang": "ts",
      "fileLocks": [
        {
          "assetId": "58GpZjZCWTaJ8AUhpCwt2K",
          "type": "projectCss",
          "checksum": "1f73b697edde7e05afb0dbd986b8b29c"
        }
      ],
      "codegenVersion": "0.0.1"
    },
    {
      "projectId": "7nJ7UcFmq9UzB6eXfC5z4a",
      "version": "0.28.0",
      "dependencies": {},
      "lang": "ts",
      "fileLocks": [
        {
          "assetId": "7nJ7UcFmq9UzB6eXfC5z4a",
          "type": "projectCss",
          "checksum": "806e75b741d37c4c53b87355cf8dfab1"
        }
      ],
      "codegenVersion": "0.0.1"
    },
    {
      "projectId": "bU6Lhxx7TyWwgk34R1vqsd",
      "version": "latest",
      "dependencies": {
        "7nJ7UcFmq9UzB6eXfC5z4a": "0.28.0",
        "58GpZjZCWTaJ8AUhpCwt2K": "3.25.0",
        "ohDidvG9XsCeFumugENU3J": "6.24.0",
        "jkU633o1Cz7HrJdwdxhVHk": "16.10.0"
      },
      "lang": "ts",
      "fileLocks": [
        {
          "type": "globalVariant",
          "assetId": "Zh-7E0YEEGE9",
          "checksum": "ffff71add45989ff9f6c44610932aaf7"
        },
        {
          "assetId": "bU6Lhxx7TyWwgk34R1vqsd",
          "checksum": "1dedcd7ebf1538a052976452b48929eb",
          "type": "globalContexts"
        },
        {
          "type": "renderModule",
          "assetId": "s2oukTdkeXRJ",
          "checksum": "cf2b737084f27bfd5d9075910efd8cf0"
        },
        {
          "type": "cssRules",
          "assetId": "s2oukTdkeXRJ",
          "checksum": "cf2b737084f27bfd5d9075910efd8cf0"
        },
        {
          "type": "renderModule",
          "assetId": "wgBMtEg5iySW",
          "checksum": "e509185fa0a36710d550b09cceb4a99d"
        },
        {
          "type": "cssRules",
          "assetId": "wgBMtEg5iySW",
          "checksum": "e509185fa0a36710d550b09cceb4a99d"
        },
        {
          "type": "renderModule",
          "assetId": "R8j6CGTpgAOl",
          "checksum": "fa3020b583fdf8d83be027db031e9c21"
        },
        {
          "type": "cssRules",
          "assetId": "R8j6CGTpgAOl",
          "checksum": "fa3020b583fdf8d83be027db031e9c21"
        },
        {
          "type": "renderModule",
          "assetId": "LJj_KI_-gbRq",
          "checksum": "0d61eae848f9a2517bacbb010b124da3"
        },
        {
          "type": "cssRules",
          "assetId": "LJj_KI_-gbRq",
          "checksum": "0d61eae848f9a2517bacbb010b124da3"
        },
        {
          "type": "renderModule",
          "assetId": "v0YOlWBXRFG2",
          "checksum": "4bf5b0fa05055f5ce702a7dfa9a3eccb"
        },
        {
          "type": "cssRules",
          "assetId": "v0YOlWBXRFG2",
          "checksum": "4bf5b0fa05055f5ce702a7dfa9a3eccb"
        },
        {
          "type": "renderModule",
          "assetId": "Lp1v4s-ukCEn",
          "checksum": "df22c2793e7195b6895c01df8be42314"
        },
        {
          "type": "cssRules",
          "assetId": "Lp1v4s-ukCEn",
          "checksum": "df22c2793e7195b6895c01df8be42314"
        },
        {
          "type": "renderModule",
          "assetId": "FpBXYviSAdVA",
          "checksum": "13dcba9631af80fed0c1e82dc75749ff"
        },
        {
          "type": "cssRules",
          "assetId": "FpBXYviSAdVA",
          "checksum": "13dcba9631af80fed0c1e82dc75749ff"
        },
        {
          "type": "renderModule",
          "assetId": "hj3baUjHmMYB",
          "checksum": "39ea0faa5c747923be101b17d14a878d"
        },
        {
          "type": "cssRules",
          "assetId": "hj3baUjHmMYB",
          "checksum": "39ea0faa5c747923be101b17d14a878d"
        },
        {
          "type": "renderModule",
          "assetId": "JcwA4LQ6XFgW",
          "checksum": "a992275ebba0a5cedb49406b85718a21"
        },
        {
          "type": "cssRules",
          "assetId": "JcwA4LQ6XFgW",
          "checksum": "a992275ebba0a5cedb49406b85718a21"
        },
        {
          "type": "renderModule",
          "assetId": "PR_sfQhkfqcs",
          "checksum": "709797a9437a800ed19e3272c509ddc9"
        },
        {
          "type": "cssRules",
          "assetId": "PR_sfQhkfqcs",
          "checksum": "709797a9437a800ed19e3272c509ddc9"
        },
        {
          "type": "icon",
          "assetId": "Km6Wz2UkJz-M",
          "checksum": "0ceaa5eb68d2553911000f79a6d6f6a5"
        },
        {
          "type": "icon",
          "assetId": "L0AcJjMMmeRo",
          "checksum": "d51abe1780e719f1df511b7ab2e67e09"
        },
        {
          "type": "icon",
          "assetId": "tR8TX2W7hbAu",
          "checksum": "a11e82883908eb2799cafd2b0da0b3da"
        },
        {
          "type": "icon",
          "assetId": "ViJSGXKJ8UvX",
          "checksum": "087dd39a8c6b1db50f281459980644cf"
        },
        {
          "type": "icon",
          "assetId": "J37Y_pbUnwha",
          "checksum": "e9c44ebea08e5f99e10d7b6453f3130e"
        },
        {
          "type": "icon",
          "assetId": "IS1M2eO5FBuw",
          "checksum": "ed659371ca3d24a3c3554fd748e7d914"
        },
        {
          "type": "icon",
          "assetId": "-G1XKf3-Dvuk",
          "checksum": "dc0a76fd95672b6e62884e12ebb018a1"
        },
        {
          "type": "icon",
          "assetId": "ClLJaQjH16do",
          "checksum": "03e57d05938648539e93f81b7cd3f348"
        },
        {
          "type": "icon",
          "assetId": "omj-dYYhyqkN",
          "checksum": "01883c00ac528ca6201d6d879f8bac80"
        },
        {
          "type": "icon",
          "assetId": "8YK5-qNRNpbx",
          "checksum": "e1b485b043801fd9d41cc980176074f2"
        },
        {
          "type": "image",
          "assetId": "qajtJEjtvLpP",
          "checksum": "cf3b37e8e2e2a7d893f396139aedac62"
        },
        {
          "type": "image",
          "assetId": "cms2kngymLd1",
          "checksum": "4847e0ff5b36ed8d141333cb1e1adf9a"
        },
        {
          "type": "image",
          "assetId": "EV5vGTSZfGGv",
          "checksum": "4f6b8cf164dfd2a633a51f8093e32dd2"
        },
        {
          "type": "image",
          "assetId": "Yxm5-tJKIVBZ",
          "checksum": "b01391c9617d3f0ac3c55fe4b95850a4"
        },
        {
          "type": "image",
          "assetId": "cvCHYKInJZ05",
          "checksum": "bd1431e5dce3c669f22c90173e39ca31"
        },
        {
          "type": "image",
          "assetId": "FEbtpoHEmFwC",
          "checksum": "4d72101bbb2b9cd8d007c0c6c84b2882"
        },
        {
          "type": "image",
          "assetId": "gsuHG8JzAMJm",
          "checksum": "b2a8f7a8fc4eb8f8dafcf3ffd2b1f3b8"
        },
        {
          "type": "image",
          "assetId": "i7q9blvkPPJ7",
          "checksum": "9934ba4d37b663a49130d3c53a09f75a"
        },
        {
          "type": "image",
          "assetId": "_vo1FuCO47D5",
          "checksum": "3cc5831f464d639067a80d8cf1051f46"
        },
        {
          "type": "image",
          "assetId": "ffu_uNacO6aB",
          "checksum": "ceafce1e49cfdb1445387421466c56ad"
        },
        {
          "type": "image",
          "assetId": "NlcEzmQAwCso",
          "checksum": "cdc68052747febaceb6b547b41cdfc33"
        },
        {
          "type": "image",
          "assetId": "PJGv9LjT_mNT",
          "checksum": "66b3cf736d49c4b5f39a789e918623a7"
        },
        {
          "type": "image",
          "assetId": "B5RA9hlIgzVD",
          "checksum": "b98fc4ab1ad07e27431ffcb7cedd2293"
        },
        {
          "type": "image",
          "assetId": "Q_hH3I-wInRh",
          "checksum": "5b9975e08ad99fd224bcb5c3b39550fb"
        },
        {
          "type": "image",
          "assetId": "DoBRYlzi9FuM",
          "checksum": "543fe510788eeac4754c00626222c62a"
        },
        {
          "type": "image",
          "assetId": "XTN-RFZd7r6u",
          "checksum": "69edfce506edee09738deb11c36e246f"
        },
        {
          "type": "image",
          "assetId": "9U5bd5W0QL_n",
          "checksum": "2eb20f43e5e3d30273e62e8dae9ba088"
        },
        {
          "type": "image",
          "assetId": "FYIsFqpfzrxq",
          "checksum": "655fa4bcb0ef3a8aa7580b945de98b59"
        },
        {
          "type": "image",
          "assetId": "_sYFxfdCjTPW",
          "checksum": "63d4a415b592ad31d5fab1b9720a8a50"
        },
        {
          "type": "image",
          "assetId": "JHOIj4W-WgfF",
          "checksum": "3c6da81763053734e4a092445db2e952"
        },
        {
          "type": "image",
          "assetId": "Rlv7aBY-n_Kq",
          "checksum": "fbd324d3fd5e5ab6c069d0253fd98fac"
        },
        {
          "type": "image",
          "assetId": "GluJnPViK2DT",
          "checksum": "eb539bb0e50b910538f919f7d7f924f9"
        },
        {
          "type": "image",
          "assetId": "PL1Lf38JlIUN",
          "checksum": "43f7048130dbb63a01fa4dfd4fb2f2bc"
        },
        {
          "type": "image",
          "assetId": "jEIuFuzJLvzl",
          "checksum": "8ba6840288313b8d11895f7008bdcc8a"
        },
        {
          "type": "image",
          "assetId": "hpihkqKNiTtG",
          "checksum": "fad8487a36d678242229f4befeec6008"
        },
        {
          "type": "image",
          "assetId": "YAF5f9Ga4BhL",
          "checksum": "02e6ce21904e68bd52eef1f1fe3b67b6"
        },
        {
          "type": "image",
          "assetId": "DDcaeaqUd0dg",
          "checksum": "443d7399d72f0b7ff1fbdd5ecd83e85d"
        },
        {
          "type": "image",
          "assetId": "4qcTi7Wlthon",
          "checksum": "51fc14515c6006f108f8ac0ff4e10ecd"
        },
        {
          "type": "image",
          "assetId": "S7I15W0VV9Q2",
          "checksum": "b84343a53b66d1afb22887e42cc80896"
        },
        {
          "type": "image",
          "assetId": "-xtk9nrZm-g4",
          "checksum": "1cffb8fdbc76cb5d5afb78db641cec47"
        },
        {
          "type": "image",
          "assetId": "LpT0wT90evJm",
          "checksum": "0b602ea86d9cfe5231adc792d3629e28"
        },
        {
          "type": "image",
          "assetId": "Nt3l06_6yu49",
          "checksum": "e702ad77efb8922e64f327918e3a88e2"
        },
        {
          "type": "image",
          "assetId": "xZbxLKgie66L",
          "checksum": "c6992f9868b4ec2b1d751204c8c10480"
        },
        {
          "type": "image",
          "assetId": "GKL3v__KUgn8",
          "checksum": "df7bdbaba8afd9e0f7c439110c51a7c4"
        },
        {
          "type": "image",
          "assetId": "Gf1JtVXRNf0Q",
          "checksum": "15aff3340591c668fcc06796856468bb"
        },
        {
          "type": "image",
          "assetId": "4Zn1KSPjdAJT",
          "checksum": "7a0178755c697c1a5cea694c24e42386"
        },
        {
          "type": "image",
          "assetId": "RNFZ4bboQmKg",
          "checksum": "f9a766aa68a587099e7d49f5201d5da9"
        },
        {
          "type": "image",
          "assetId": "CQSKK234KXo6",
          "checksum": "7e9b7e68539d0eff4005811f9c2a34f4"
        },
        {
          "type": "image",
          "assetId": "cfnPob9a8wFC",
          "checksum": "25f909f73310429f0c6dacb5bb59bdc8"
        },
        {
          "type": "image",
          "assetId": "ZyRTwNnIBE1p",
          "checksum": "82300130a8707b0120fec5f208ab344f"
        },
        {
          "type": "image",
          "assetId": "CvnwoV9IohKM",
          "checksum": "ba7ede7b2e0d0f7cbf9e5a49ecfa0b5a"
        },
        {
          "type": "image",
          "assetId": "GH6aQFDDG8Dj",
          "checksum": "dd651a9a5784550ade9a15e6dc26fbb2"
        },
        {
          "type": "image",
          "assetId": "rcWE2zu7tQ12",
          "checksum": "4ffcc0de2a6212e0e294db7bd8904a4d"
        },
        {
          "type": "image",
          "assetId": "KgR-Nnhrz6EI",
          "checksum": "7c22b62797ff47ffd4d83456ba6c5902"
        },
        {
          "type": "image",
          "assetId": "1oftAZLZzILq",
          "checksum": "496c76e52fa150b7e2ec1cad561a2056"
        },
        {
          "type": "image",
          "assetId": "8-DSGILvfxJv",
          "checksum": "5b92a388d082be5af1a003dbff62500f"
        },
        {
          "assetId": "bU6Lhxx7TyWwgk34R1vqsd",
          "type": "projectCss",
          "checksum": "c15d24f1ad69c405974fdb4c82c066dc"
        }
      ],
      "codegenVersion": "0.0.1"
    }
  ],
  "cliVersion": "0.1.331"
}
